// !$*UTF8*$!
{
	archiveVersion = 1;
	classes = {
	};
	objectVersion = 77;
	objects = {

/* Begin PBXContainerItemProxy section */
		730F00002D82809300FF7422 /* PBXContainerItemProxy */ = {
			isa = PBXContainerItemProxy;
			containerPortal = 730FFFD72D82809200FF7422 /* Project object */;
			proxyType = 1;
			remoteGlobalIDString = 730FFFDE2D82809200FF7422;
			remoteInfo = SonarDemo;
		};
		730FFFF62D82809300FF7422 /* PBXContainerItemProxy */ = {
			isa = PBXContainerItemProxy;
			containerPortal = 730FFFD72D82809200FF7422 /* Project object */;
			proxyType = 1;
			remoteGlobalIDString = 730FFFDE2D82809200FF7422;
			remoteInfo = SonarDemo;
		};
/* End PBXContainerItemProxy section */

/* Begin PBXFileReference section */
		730FFFDF2D82809200FF7422 /* SonarDemo.app */ = {isa = PBXFileReference; explicitFileType = wrapper.application; includeInIndex = 0; path = SonarDemo.app; sourceTree = BUILT_PRODUCTS_DIR; };
		730FFFF52D82809300FF7422 /* SonarDemoTests.xctest */ = {isa = PBXFileReference; explicitFileType = wrapper.cfbundle; includeInIndex = 0; path = SonarDemoTests.xctest; sourceTree = BUILT_PRODUCTS_DIR; };
		730FFFFF2D82809300FF7422 /* SonarDemoUITests.xctest */ = {isa = PBXFileReference; explicitFileType = wrapper.cfbundle; includeInIndex = 0; path = SonarDemoUITests.xctest; sourceTree = BUILT_PRODUCTS_DIR; };
/* End PBXFileReference section */

/* Begin PBXFileSystemSynchronizedBuildFileExceptionSet section */
		730F00072D82809300FF7422 /* Exceptions for "SonarDemo" folder in "SonarDemo" target */ = {
			isa = PBXFileSystemSynchronizedBuildFileExceptionSet;
			membershipExceptions = (
				Info.plist,
			);
			target = 730FFFDE2D82809200FF7422 /* SonarDemo */;
		};
/* End PBXFileSystemSynchronizedBuildFileExceptionSet section */

/* Begin PBXFileSystemSynchronizedRootGroup section */
		730F00022D82809300FF7422 /* SonarDemoUITests */ = {
			isa = PBXFileSystemSynchronizedRootGroup;
			path = SonarDemoUITests;
			sourceTree = "<group>";
		};
		730FFFE12D82809200FF7422 /* SonarDemo */ = {
			isa = PBXFileSystemSynchronizedRootGroup;
			exceptions = (
				730F00072D82809300FF7422 /* Exceptions for "SonarDemo" folder in "SonarDemo" target */,
			);
			path = SonarDemo;
			sourceTree = "<group>";
		};
		730FFFF82D82809300FF7422 /* SonarDemoTests */ = {
			isa = PBXFileSystemSynchronizedRootGroup;
			path = SonarDemoTests;
			sourceTree = "<group>";
		};
/* End PBXFileSystemSynchronizedRootGroup section */

/* Begin PBXFrameworksBuildPhase section */
		730FFFDC2D82809200FF7422 /* Frameworks */ = {
			isa = PBXFrameworksBuildPhase;
			buildActionMask = 2147483647;
			files = (
			);
			runOnlyForDeploymentPostprocessing = 0;
		};
		730FFFF22D82809300FF7422 /* Frameworks */ = {
			isa = PBXFrameworksBuildPhase;
			buildActionMask = 2147483647;
			files = (
			);
			runOnlyForDeploymentPostprocessing = 0;
		};
		730FFFFC2D82809300FF7422 /* Frameworks */ = {
			isa = PBXFrameworksBuildPhase;
			buildActionMask = 2147483647;
			files = (
			);
			runOnlyForDeploymentPostprocessing = 0;
		};
/* End PBXFrameworksBuildPhase section */

/* Begin PBXGroup section */
		730FFFD62D82809200FF7422 = {
			isa = PBXGroup;
			children = (
				730FFFE12D82809200FF7422 /* SonarDemo */,
				730FFFF82D82809300FF7422 /* SonarDemoTests */,
				730F00022D82809300FF7422 /* SonarDemoUITests */,
				730FFFE02D82809200FF7422 /* Products */,
			);
			sourceTree = "<group>";
		};
		730FFFE02D82809200FF7422 /* Products */ = {
			isa = PBXGroup;
			children = (
				730FFFDF2D82809200FF7422 /* SonarDemo.app */,
				730FFFF52D82809300FF7422 /* SonarDemoTests.xctest */,
				730FFFFF2D82809300FF7422 /* SonarDemoUITests.xctest */,
			);
			name = Products;
			sourceTree = "<group>";
		};
/* End PBXGroup section */

/* Begin PBXNativeTarget section */
		730FFFDE2D82809200FF7422 /* SonarDemo */ = {
			isa = PBXNativeTarget;
			buildConfigurationList = 730F00082D82809300FF7422 /* Build configuration list for PBXNativeTarget "SonarDemo" */;
			buildPhases = (
				730FFFDB2D82809200FF7422 /* Sources */,
				730FFFDC2D82809200FF7422 /* Frameworks */,
				730FFFDD2D82809200FF7422 /* Resources */,
			);
			buildRules = (
			);
			dependencies = (
			);
			fileSystemSynchronizedGroups = (
				730FFFE12D82809200FF7422 /* SonarDemo */,
			);
			name = SonarDemo;
			packageProductDependencies = (
			);
			productName = SonarDemo;
			productReference = 730FFFDF2D82809200FF7422 /* SonarDemo.app */;
			productType = "com.apple.product-type.application";
		};
		730FFFF42D82809300FF7422 /* SonarDemoTests */ = {
			isa = PBXNativeTarget;
			buildConfigurationList = 730F000D2D82809300FF7422 /* Build configuration list for PBXNativeTarget "SonarDemoTests" */;
			buildPhases = (
				730FFFF12D82809300FF7422 /* Sources */,
				730FFFF22D82809300FF7422 /* Frameworks */,
				730FFFF32D82809300FF7422 /* Resources */,
			);
			buildRules = (
			);
			dependencies = (
				730FFFF72D82809300FF7422 /* PBXTargetDependency */,
			);
			fileSystemSynchronizedGroups = (
				730FFFF82D82809300FF7422 /* SonarDemoTests */,
			);
			name = SonarDemoTests;
			packageProductDependencies = (
			);
			productName = SonarDemoTests;
			productReference = 730FFFF52D82809300FF7422 /* SonarDemoTests.xctest */;
			productType = "com.apple.product-type.bundle.unit-test";
		};
		730FFFFE2D82809300FF7422 /* SonarDemoUITests */ = {
			isa = PBXNativeTarget;
			buildConfigurationList = 730F00102D82809300FF7422 /* Build configuration list for PBXNativeTarget "SonarDemoUITests" */;
			buildPhases = (
				730FFFFB2D82809300FF7422 /* Sources */,
				730FFFFC2D82809300FF7422 /* Frameworks */,
				730FFFFD2D82809300FF7422 /* Resources */,
			);
			buildRules = (
			);
			dependencies = (
				730F00012D82809300FF7422 /* PBXTargetDependency */,
			);
			fileSystemSynchronizedGroups = (
				730F00022D82809300FF7422 /* SonarDemoUITests */,
			);
			name = SonarDemoUITests;
			packageProductDependencies = (
			);
			productName = SonarDemoUITests;
			productReference = 730FFFFF2D82809300FF7422 /* SonarDemoUITests.xctest */;
			productType = "com.apple.product-type.bundle.ui-testing";
		};
/* End PBXNativeTarget section */

/* Begin PBXProject section */
		730FFFD72D82809200FF7422 /* Project object */ = {
			isa = PBXProject;
			attributes = {
				BuildIndependentTargetsInParallel = 1;
				LastSwiftUpdateCheck = 1620;
				LastUpgradeCheck = 1620;
				TargetAttributes = {
					730FFFDE2D82809200FF7422 = {
						CreatedOnToolsVersion = 16.2;
					};
					730FFFF42D82809300FF7422 = {
						CreatedOnToolsVersion = 16.2;
						TestTargetID = 730FFFDE2D82809200FF7422;
					};
					730FFFFE2D82809300FF7422 = {
						CreatedOnToolsVersion = 16.2;
						TestTargetID = 730FFFDE2D82809200FF7422;
					};
				};
			};
			buildConfigurationList = 730FFFDA2D82809200FF7422 /* Build configuration list for PBXProject "SonarDemo" */;
			developmentRegion = en;
			hasScannedForEncodings = 0;
			knownRegions = (
				en,
				Base,
			);
			mainGroup = 730FFFD62D82809200FF7422;
			minimizedProjectReferenceProxies = 1;
			preferredProjectObjectVersion = 77;
			productRefGroup = 730FFFE02D82809200FF7422 /* Products */;
			projectDirPath = "";
			projectRoot = "";
			targets = (
				730FFFDE2D82809200FF7422 /* SonarDemo */,
				730FFFF42D82809300FF7422 /* SonarDemoTests */,
				730FFFFE2D82809300FF7422 /* SonarDemoUITests */,
			);
		};
/* End PBXProject section */

/* Begin PBXResourcesBuildPhase section */
		730FFFDD2D82809200FF7422 /* Resources */ = {
			isa = PBXResourcesBuildPhase;
			buildActionMask = 2147483647;
			files = (
			);
			runOnlyForDeploymentPostprocessing = 0;
		};
		730FFFF32D82809300FF7422 /* Resources */ = {
			isa = PBXResourcesBuildPhase;
			buildActionMask = 2147483647;
			files = (
			);
			runOnlyForDeploymentPostprocessing = 0;
		};
		730FFFFD2D82809300FF7422 /* Resources */ = {
			isa = PBXResourcesBuildPhase;
			buildActionMask = 2147483647;
			files = (
			);
			runOnlyForDeploymentPostprocessing = 0;
		};
/* End PBXResourcesBuildPhase section */

/* Begin PBXSourcesBuildPhase section */
		730FFFDB2D82809200FF7422 /* Sources */ = {
			isa = PBXSourcesBuildPhase;
			buildActionMask = 2147483647;
			files = (
			);
			runOnlyForDeploymentPostprocessing = 0;
		};
		730FFFF12D82809300FF7422 /* Sources */ = {
			isa = PBXSourcesBuildPhase;
			buildActionMask = 2147483647;
			files = (
			);
			runOnlyForDeploymentPostprocessing = 0;
		};
		730FFFFB2D82809300FF7422 /* Sources */ = {
			isa = PBXSourcesBuildPhase;
			buildActionMask = 2147483647;
			files = (
			);
			runOnlyForDeploymentPostprocessing = 0;
		};
/* End PBXSourcesBuildPhase section */

/* Begin PBXTargetDependency section */
		730F00012D82809300FF7422 /* PBXTargetDependency */ = {
			isa = PBXTargetDependency;
			target = 730FFFDE2D82809200FF7422 /* SonarDemo */;
			targetProxy = 730F00002D82809300FF7422 /* PBXContainerItemProxy */;
		};
		730FFFF72D82809300FF7422 /* PBXTargetDependency */ = {
			isa = PBXTargetDependency;
			target = 730FFFDE2D82809200FF7422 /* SonarDemo */;
			targetProxy = 730FFFF62D82809300FF7422 /* PBXContainerItemProxy */;
		};
/* End PBXTargetDependency section */

/* Begin XCBuildConfiguration section */
		730F00092D82809300FF7422 /* Debug */ = {
			isa = XCBuildConfiguration;
			buildSettings = {
				ASSETCATALOG_COMPILER_APPICON_NAME = AppIcon;
				ASSETCATALOG_COMPILER_GLOBAL_ACCENT_COLOR_NAME = AccentColor;
				CODE_SIGN_STYLE = Automatic;
				CURRENT_PROJECT_VERSION = 1;
				DEVELOPMENT_TEAM = TCSB8MX5NT;
				GENERATE_INFOPLIST_FILE = YES;
				INFOPLIST_FILE = SonarDemo/Info.plist;
				INFOPLIST_KEY_UIApplicationSupportsIndirectInputEvents = YES;
				INFOPLIST_KEY_UILaunchStoryboardName = LaunchScreen;
				INFOPLIST_KEY_UIMainStoryboardFile = Main;
				INFOPLIST_KEY_UISupportedInterfaceOrientations_iPad = "UIInterfaceOrientationPortrait UIInterfaceOrientationPortraitUpsideDown UIInterfaceOrientationLandscapeLeft UIInterfaceOrientationLandscapeRight";
				INFOPLIST_KEY_UISupportedInterfaceOrientations_iPhone = "UIInterfaceOrientationPortrait UIInterfaceOrientationLandscapeLeft UIInterfaceOrientationLandscapeRight";
				LD_RUNPATH_SEARCH_PATHS = (
					"$(inherited)",
					"@executable_path/Frameworks",
				);
				MARKETING_VERSION = 1.0;
				PRODUCT_BUNDLE_IDENTIFIER = guozhong.com.SonarDemo;
				PRODUCT_NAME = "$(TARGET_NAME)";
				SWIFT_EMIT_LOC_STRINGS = YES;
				SWIFT_VERSION = 5.0;
				TARGETED_DEVICE_FAMILY = "1,2";
			};
			name = Debug;
		};
		730F000A2D82809300FF7422 /* Release */ = {
			isa = XCBuildConfiguration;
			buildSettings = {
				ASSETCATALOG_COMPILER_APPICON_NAME = AppIcon;
				ASSETCATALOG_COMPILER_GLOBAL_ACCENT_COLOR_NAME = AccentColor;
				CODE_SIGN_STYLE = Automatic;
				CURRENT_PROJECT_VERSION = 1;
				DEVELOPMENT_TEAM = TCSB8MX5NT;
				GENERATE_INFOPLIST_FILE = YES;
				INFOPLIST_FILE = SonarDemo/Info.plist;
				INFOPLIST_KEY_UIApplicationSupportsIndirectInputEvents = YES;
				INFOPLIST_KEY_UILaunchStoryboardName = LaunchScreen;
				INFOPLIST_KEY_UIMainStoryboardFile = Main;
				INFOPLIST_KEY_UISupportedInterfaceOrientations_iPad = "UIInterfaceOrientationPortrait UIInterfaceOrientationPortraitUpsideDown UIInterfaceOrientationLandscapeLeft UIInterfaceOrientationLandscapeRight";
				INFOPLIST_KEY_UISupportedInterfaceOrientations_iPhone = "UIInterfaceOrientationPortrait UIInterfaceOrientationLandscapeLeft UIInterfaceOrientationLandscapeRight";
				LD_RUNPATH_SEARCH_PATHS = (
					"$(inherited)",
					"@executable_path/Frameworks",
				);
				MARKETING_VERSION = 1.0;
				PRODUCT_BUNDLE_IDENTIFIER = guozhong.com.SonarDemo;
				PRODUCT_NAME = "$(TARGET_NAME)";
				SWIFT_EMIT_LOC_STRINGS = YES;
				SWIFT_VERSION = 5.0;
				TARGETED_DEVICE_FAMILY = "1,2";
			};
			name = Release;
		};
		730F000B2D82809300FF7422 /* Debug */ = {
			isa = XCBuildConfiguration;
			buildSettings = {
				ALWAYS_SEARCH_USER_PATHS = NO;
				ASSETCATALOG_COMPILER_GENERATE_SWIFT_ASSET_SYMBOL_EXTENSIONS = YES;
				CLANG_ANALYZER_NONNULL = YES;
				CLANG_ANALYZER_NUMBER_OBJECT_CONVERSION = YES_AGGRESSIVE;
				CLANG_CXX_LANGUAGE_STANDARD = "gnu++20";
				CLANG_ENABLE_MODULES = YES;
				CLANG_ENABLE_OBJC_ARC = YES;
				CLANG_ENABLE_OBJC_WEAK = YES;
				CLANG_WARN_BLOCK_CAPTURE_AUTORELEASING = YES;
				CLANG_WARN_BOOL_CONVERSION = YES;
				CLANG_WARN_COMMA = YES;
				CLANG_WARN_CONSTANT_CONVERSION = YES;
				CLANG_WARN_DEPRECATED_OBJC_IMPLEMENTATIONS = YES;
				CLANG_WARN_DIRECT_OBJC_ISA_USAGE = YES_ERROR;
				CLANG_WARN_DOCUMENTATION_COMMENTS = YES;
				CLANG_WARN_EMPTY_BODY = YES;
				CLANG_WARN_ENUM_CONVERSION = YES;
				CLANG_WARN_INFINITE_RECURSION = YES;
				CLANG_WARN_INT_CONVERSION = YES;
				CLANG_WARN_NON_LITERAL_NULL_CONVERSION = YES;
				CLANG_WARN_OBJC_IMPLICIT_RETAIN_SELF = YES;
				CLANG_WARN_OBJC_LITERAL_CONVERSION = YES;
				CLANG_WARN_OBJC_ROOT_CLASS = YES_ERROR;
				CLANG_WARN_QUOTED_INCLUDE_IN_FRAMEWORK_HEADER = YES;
				CLANG_WARN_RANGE_LOOP_ANALYSIS = YES;
				CLANG_WARN_STRICT_PROTOTYPES = YES;
				CLANG_WARN_SUSPICIOUS_MOVE = YES;
				CLANG_WARN_UNGUARDED_AVAILABILITY = YES_AGGRESSIVE;
				CLANG_WARN_UNREACHABLE_CODE = YES;
				CLANG_WARN__DUPLICATE_METHOD_MATCH = YES;
				COPY_PHASE_STRIP = NO;
				DEBUG_INFORMATION_FORMAT = dwarf;
				ENABLE_STRICT_OBJC_MSGSEND = YES;
				ENABLE_TESTABILITY = YES;
				ENABLE_USER_SCRIPT_SANDBOXING = YES;
				GCC_C_LANGUAGE_STANDARD = gnu17;
				GCC_DYNAMIC_NO_PIC = NO;
				GCC_NO_COMMON_BLOCKS = YES;
				GCC_OPTIMIZATION_LEVEL = 0;
				GCC_PREPROCESSOR_DEFINITIONS = (
					"DEBUG=1",
					"$(inherited)",
				);
				GCC_WARN_64_TO_32_BIT_CONVERSION = YES;
				GCC_WARN_ABOUT_RETURN_TYPE = YES_ERROR;
				GCC_WARN_UNDECLARED_SELECTOR = YES;
				GCC_WARN_UNINITIALIZED_AUTOS = YES_AGGRESSIVE;
				GCC_WARN_UNUSED_FUNCTION = YES;
				GCC_WARN_UNUSED_VARIABLE = YES;
				IPHONEOS_DEPLOYMENT_TARGET = 18.2;
				LOCALIZATION_PREFERS_STRING_CATALOGS = YES;
				MTL_ENABLE_DEBUG_INFO = INCLUDE_SOURCE;
				MTL_FAST_MATH = YES;
				ONLY_ACTIVE_ARCH = YES;
				SDKROOT = iphoneos;
				SWIFT_ACTIVE_COMPILATION_CONDITIONS = "DEBUG $(inherited)";
				SWIFT_OPTIMIZATION_LEVEL = "-Onone";
			};
			name = Debug;
		};
		730F000C2D82809300FF7422 /* Release */ = {
			isa = XCBuildConfiguration;
			buildSettings = {
				ALWAYS_SEARCH_USER_PATHS = NO;
				ASSETCATALOG_COMPILER_GENERATE_SWIFT_ASSET_SYMBOL_EXTENSIONS = YES;
				CLANG_ANALYZER_NONNULL = YES;
				CLANG_ANALYZER_NUMBER_OBJECT_CONVERSION = YES_AGGRESSIVE;
				CLANG_CXX_LANGUAGE_STANDARD = "gnu++20";
				CLANG_ENABLE_MODULES = YES;
				CLANG_ENABLE_OBJC_ARC = YES;
				CLANG_ENABLE_OBJC_WEAK = YES;
				CLANG_WARN_BLOCK_CAPTURE_AUTORELEASING = YES;
				CLANG_WARN_BOOL_CONVERSION = YES;
				CLANG_WARN_COMMA = YES;
				CLANG_WARN_CONSTANT_CONVERSION = YES;
				CLANG_WARN_DEPRECATED_OBJC_IMPLEMENTATIONS = YES;
				CLANG_WARN_DIRECT_OBJC_ISA_USAGE = YES_ERROR;
				CLANG_WARN_DOCUMENTATION_COMMENTS = YES;
				CLANG_WARN_EMPTY_BODY = YES;
				CLANG_WARN_ENUM_CONVERSION = YES;
				CLANG_WARN_INFINITE_RECURSION = YES;
				CLANG_WARN_INT_CONVERSION = YES;
				CLANG_WARN_NON_LITERAL_NULL_CONVERSION = YES;
				CLANG_WARN_OBJC_IMPLICIT_RETAIN_SELF = YES;
				CLANG_WARN_OBJC_LITERAL_CONVERSION = YES;
				CLANG_WARN_OBJC_ROOT_CLASS = YES_ERROR;
				CLANG_WARN_QUOTED_INCLUDE_IN_FRAMEWORK_HEADER = YES;
				CLANG_WARN_RANGE_LOOP_ANALYSIS = YES;
				CLANG_WARN_STRICT_PROTOTYPES = YES;
				CLANG_WARN_SUSPICIOUS_MOVE = YES;
				CLANG_WARN_UNGUARDED_AVAILABILITY = YES_AGGRESSIVE;
				CLANG_WARN_UNREACHABLE_CODE = YES;
				CLANG_WARN__DUPLICATE_METHOD_MATCH = YES;
				COPY_PHASE_STRIP = NO;
				DEBUG_INFORMATION_FORMAT = "dwarf-with-dsym";
				ENABLE_NS_ASSERTIONS = NO;
				ENABLE_STRICT_OBJC_MSGSEND = YES;
				ENABLE_USER_SCRIPT_SANDBOXING = YES;
				GCC_C_LANGUAGE_STANDARD = gnu17;
				GCC_NO_COMMON_BLOCKS = YES;
				GCC_WARN_64_TO_32_BIT_CONVERSION = YES;
				GCC_WARN_ABOUT_RETURN_TYPE = YES_ERROR;
				GCC_WARN_UNDECLARED_SELECTOR = YES;
				GCC_WARN_UNINITIALIZED_AUTOS = YES_AGGRESSIVE;
				GCC_WARN_UNUSED_FUNCTION = YES;
				GCC_WARN_UNUSED_VARIABLE = YES;
				IPHONEOS_DEPLOYMENT_TARGET = 18.2;
				LOCALIZATION_PREFERS_STRING_CATALOGS = YES;
				MTL_ENABLE_DEBUG_INFO = NO;
				MTL_FAST_MATH = YES;
				SDKROOT = iphoneos;
				SWIFT_COMPILATION_MODE = wholemodule;
				VALIDATE_PRODUCT = YES;
			};
			name = Release;
		};
		730F000E2D82809300FF7422 /* Debug */ = {
			isa = XCBuildConfiguration;
			buildSettings = {
				BUNDLE_LOADER = "$(TEST_HOST)";
				CODE_SIGN_STYLE = Automatic;
				CURRENT_PROJECT_VERSION = 1;
				DEVELOPMENT_TEAM = TCSB8MX5NT;
				GENERATE_INFOPLIST_FILE = YES;
				IPHONEOS_DEPLOYMENT_TARGET = 18.2;
				MARKETING_VERSION = 1.0;
				PRODUCT_BUNDLE_IDENTIFIER = guozhong.com.SonarDemoTests;
				PRODUCT_NAME = "$(TARGET_NAME)";
				SWIFT_EMIT_LOC_STRINGS = NO;
				SWIFT_VERSION = 5.0;
				TARGETED_DEVICE_FAMILY = "1,2";
				TEST_HOST = "$(BUILT_PRODUCTS_DIR)/SonarDemo.app/$(BUNDLE_EXECUTABLE_FOLDER_PATH)/SonarDemo";
			};
			name = Debug;
		};
		730F000F2D82809300FF7422 /* Release */ = {
			isa = XCBuildConfiguration;
			buildSettings = {
				BUNDLE_LOADER = "$(TEST_HOST)";
				CODE_SIGN_STYLE = Automatic;
				CURRENT_PROJECT_VERSION = 1;
				DEVELOPMENT_TEAM = TCSB8MX5NT;
				GENERATE_INFOPLIST_FILE = YES;
				IPHONEOS_DEPLOYMENT_TARGET = 18.2;
				MARKETING_VERSION = 1.0;
				PRODUCT_BUNDLE_IDENTIFIER = guozhong.com.SonarDemoTests;
				PRODUCT_NAME = "$(TARGET_NAME)";
				SWIFT_EMIT_LOC_STRINGS = NO;
				SWIFT_VERSION = 5.0;
				TARGETED_DEVICE_FAMILY = "1,2";
				TEST_HOST = "$(BUILT_PRODUCTS_DIR)/SonarDemo.app/$(BUNDLE_EXECUTABLE_FOLDER_PATH)/SonarDemo";
			};
			name = Release;
		};
		730F00112D82809300FF7422 /* Debug */ = {
			isa = XCBuildConfiguration;
			buildSettings = {
				CODE_SIGN_STYLE = Automatic;
				CURRENT_PROJECT_VERSION = 1;
				DEVELOPMENT_TEAM = TCSB8MX5NT;
				GENERATE_INFOPLIST_FILE = YES;
				MARKETING_VERSION = 1.0;
				PRODUCT_BUNDLE_IDENTIFIER = guozhong.com.SonarDemoUITests;
				PRODUCT_NAME = "$(TARGET_NAME)";
				SWIFT_EMIT_LOC_STRINGS = NO;
				SWIFT_VERSION = 5.0;
				TARGETED_DEVICE_FAMILY = "1,2";
				TEST_TARGET_NAME = SonarDemo;
			};
			name = Debug;
		};
		730F00122D82809300FF7422 /* Release */ = {
			isa = XCBuildConfiguration;
			buildSettings = {
				CODE_SIGN_STYLE = Automatic;
				CURRENT_PROJECT_VERSION = 1;
				DEVELOPMENT_TEAM = TCSB8MX5NT;
				GENERATE_INFOPLIST_FILE = YES;
				MARKETING_VERSION = 1.0;
				PRODUCT_BUNDLE_IDENTIFIER = guozhong.com.SonarDemoUITests;
				PRODUCT_NAME = "$(TARGET_NAME)";
				SWIFT_EMIT_LOC_STRINGS = NO;
				SWIFT_VERSION = 5.0;
				TARGETED_DEVICE_FAMILY = "1,2";
				TEST_TARGET_NAME = SonarDemo;
			};
			name = Release;
		};
/* End XCBuildConfiguration section */

/* Begin XCConfigurationList section */
		730F00082D82809300FF7422 /* Build configuration list for PBXNativeTarget "SonarDemo" */ = {
			isa = XCConfigurationList;
			buildConfigurations = (
				730F00092D82809300FF7422 /* Debug */,
				730F000A2D82809300FF7422 /* Release */,
			);
			defaultConfigurationIsVisible = 0;
			defaultConfigurationName = Release;
		};
		730F000D2D82809300FF7422 /* Build configuration list for PBXNativeTarget "SonarDemoTests" */ = {
			isa = XCConfigurationList;
			buildConfigurations = (
				730F000E2D82809300FF7422 /* Debug */,
				730F000F2D82809300FF7422 /* Release */,
			);
			defaultConfigurationIsVisible = 0;
			defaultConfigurationName = Release;
		};
		730F00102D82809300FF7422 /* Build configuration list for PBXNativeTarget "SonarDemoUITests" */ = {
			isa = XCConfigurationList;
			buildConfigurations = (
				730F00112D82809300FF7422 /* Debug */,
				730F00122D82809300FF7422 /* Release */,
			);
			defaultConfigurationIsVisible = 0;
			defaultConfigurationName = Release;
		};
		730FFFDA2D82809200FF7422 /* Build configuration list for PBXProject "SonarDemo" */ = {
			isa = XCConfigurationList;
			buildConfigurations = (
				730F000B2D82809300FF7422 /* Debug */,
				730F000C2D82809300FF7422 /* Release */,
			);
			defaultConfigurationIsVisible = 0;
			defaultConfigurationName = Release;
		};
/* End XCConfigurationList section */
	};
	rootObject = 730FFFD72D82809200FF7422 /* Project object */;
}
